
Microsoft Visual Studio Solution File, Format Version 12.00
# Visual Studio Version 16
VisualStudioVersion = 16.0.31829.152
MinimumVisualStudioVersion = 10.0.40219.1
Project("{9A19103F-16F7-4668-BE54-9A1E7A4F7556}") = "UdemyRabbitMQ.publisher", "UdemyRabbitMQ.publisher\UdemyRabbitMQ.publisher.csproj", "{0FDF5FE0-47C2-4A51-8625-54A04838D2F7}"
EndProject
Project("{9A19103F-16F7-4668-BE54-9A1E7A4F7556}") = "UdemyRabbitMQ.subscriber", "UdemyRabbitMQ.subscriber\UdemyRabbitMQ.subscriber.csproj", "{E94E7ED6-43D8-4A3C-9D72-0E8B5715EB70}"
EndProject
Project("{9A19103F-16F7-4668-BE54-9A1E7A4F7556}") = "UdemyRabbitMQWeb.Watermark", "UdemyRabbitMQWeb.Watermark\UdemyRabbitMQWeb.Watermark.csproj", "{A359CD40-C6E0-4785-BF29-D163C6001222}"
EndProject
Project("{9A19103F-16F7-4668-BE54-9A1E7A4F7556}") = "UdemyRabbitMQWeb.ExcelCreate", "UdemyRabbitMQWeb.ExcelCreate\UdemyRabbitMQWeb.ExcelCreate.csproj", "{E9B3B531-575E-4F6F-B8D1-E099B1AB5D4A}"
EndProject
Project("{FAE04EC0-301F-11D3-BF4B-00C04F79EFBC}") = "Shared", "Shared\Shared.csproj", "{D8BB618D-5D6E-40BD-822E-CB40829CADA6}"
EndProject
Project("{FAE04EC0-301F-11D3-BF4B-00C04F79EFBC}") = "FileCreateWorkerService", "FileCreateWorkerService\FileCreateWorkerService.csproj", "{ECEBA5CB-85C7-4DBB-8292-4C1B2B05E694}"
EndProject
Global
	GlobalSection(SolutionConfigurationPlatforms) = preSolution
		Debug|Any CPU = Debug|Any CPU
		Release|Any CPU = Release|Any CPU
	EndGlobalSection
	GlobalSection(ProjectConfigurationPlatforms) = postSolution
		{0FDF5FE0-47C2-4A51-8625-54A04838D2F7}.Debug|Any CPU.ActiveCfg = Debug|Any CPU
		{0FDF5FE0-47C2-4A51-8625-54A04838D2F7}.Debug|Any CPU.Build.0 = Debug|Any CPU
		{0FDF5FE0-47C2-4A51-8625-54A04838D2F7}.Release|Any CPU.ActiveCfg = Release|Any CPU
		{0FDF5FE0-47C2-4A51-8625-54A04838D2F7}.Release|Any CPU.Build.0 = Release|Any CPU
		{E94E7ED6-43D8-4A3C-9D72-0E8B5715EB70}.Debug|Any CPU.ActiveCfg = Debug|Any CPU
		{E94E7ED6-43D8-4A3C-9D72-0E8B5715EB70}.Debug|Any CPU.Build.0 = Debug|Any CPU
		{E94E7ED6-43D8-4A3C-9D72-0E8B5715EB70}.Release|Any CPU.ActiveCfg = Release|Any CPU
		{E94E7ED6-43D8-4A3C-9D72-0E8B5715EB70}.Release|Any CPU.Build.0 = Release|Any CPU
		{A359CD40-C6E0-4785-BF29-D163C6001222}.Debug|Any CPU.ActiveCfg = Debug|Any CPU
		{A359CD40-C6E0-4785-BF29-D163C6001222}.Debug|Any CPU.Build.0 = Debug|Any CPU
		{A359CD40-C6E0-4785-BF29-D163C6001222}.Release|Any CPU.ActiveCfg = Release|Any CPU
		{A359CD40-C6E0-4785-BF29-D163C6001222}.Release|Any CPU.Build.0 = Release|Any CPU
		{E9B3B531-575E-4F6F-B8D1-E099B1AB5D4A}.Debug|Any CPU.ActiveCfg = Debug|Any CPU
		{E9B3B531-575E-4F6F-B8D1-E099B1AB5D4A}.Debug|Any CPU.Build.0 = Debug|Any CPU
		{E9B3B531-575E-4F6F-B8D1-E099B1AB5D4A}.Release|Any CPU.ActiveCfg = Release|Any CPU
		{E9B3B531-575E-4F6F-B8D1-E099B1AB5D4A}.Release|Any CPU.Build.0 = Release|Any CPU
		{D8BB618D-5D6E-40BD-822E-CB40829CADA6}.Debug|Any CPU.ActiveCfg = Debug|Any CPU
		{D8BB618D-5D6E-40BD-822E-CB40829CADA6}.Debug|Any CPU.Build.0 = Debug|Any CPU
		{D8BB618D-5D6E-40BD-822E-CB40829CADA6}.Release|Any CPU.ActiveCfg = Release|Any CPU
		{D8BB618D-5D6E-40BD-822E-CB40829CADA6}.Release|Any CPU.Build.0 = Release|Any CPU
		{ECEBA5CB-85C7-4DBB-8292-4C1B2B05E694}.Debug|Any CPU.ActiveCfg = Debug|Any CPU
		{ECEBA5CB-85C7-4DBB-8292-4C1B2B05E694}.Debug|Any CPU.Build.0 = Debug|Any CPU
		{ECEBA5CB-85C7-4DBB-8292-4C1B2B05E694}.Release|Any CPU.ActiveCfg = Release|Any CPU
		{ECEBA5CB-85C7-4DBB-8292-4C1B2B05E694}.Release|Any CPU.Build.0 = Release|Any CPU
	EndGlobalSection
	GlobalSection(SolutionProperties) = preSolution
		HideSolutionNode = FALSE
	EndGlobalSection
	GlobalSection(ExtensibilityGlobals) = postSolution
		SolutionGuid = {83F4B9C5-ADF5-4493-B45D-4AD4408945A1}
	EndGlobalSection
EndGlobal
